
Microsoft Visual Studio Solution File, Format Version 12.00
# Visual Studio Version 17
VisualStudioVersion = 17.12.35527.113 d17.12
MinimumVisualStudioVersion = 10.0.40219.1
Project("{FAE04EC0-301F-11D3-BF4B-00C04F79EFBC}") = "RailwayReservation", "RailwayReservation.csproj", "{BB60520B-32DC-4FA0-B05E-5234E514ED3C}"
EndProject
Global
	GlobalSection(SolutionConfigurationPlatforms) = preSolution
		Debug|Any CPU = Debug|Any CPU
		Release|Any CPU = Release|Any CPU
	EndGlobalSection
	GlobalSection(ProjectConfigurationPlatforms) = postSolution
		{BB60520B-32DC-4FA0-B05E-5234E514ED3C}.Debug|Any CPU.ActiveCfg = Debug|Any CPU
		{BB60520B-32DC-4FA0-B05E-5234E514ED3C}.Debug|Any CPU.Build.0 = Debug|Any CPU
		{BB60520B-32DC-4FA0-B05E-5234E514ED3C}.Release|Any CPU.ActiveCfg = Release|Any CPU
		{BB60520B-32DC-4FA0-B05E-5234E514ED3C}.Release|Any CPU.Build.0 = Release|Any CPU
	EndGlobalSection
	GlobalSection(SolutionProperties) = preSolution
		HideSolutionNode = FALSE
	EndGlobalSection
EndGlobal
